lockfileVersion: 5.3

specifiers:
  '@types/koa-cors': ^0.0.2
  fs: ^0.0.1-security
  koa: ^2.13.1
  koa-body: ^4.2.0
  koa-convert: ^2.0.0
  koa-cors: ^0.0.16
  koa-router: ^10.0.0
  koa-static: ^5.0.0
  mongodb: ^4.3.0
  mysql: ^2.18.1
  path: ^0.12.7
  request: ^2.88.2
  require-directory: ^2.1.1

dependencies:
  fs: 0.0.1-security
  koa: 2.13.4
  koa-body: 4.2.0
  koa-convert: 2.0.0
  koa-cors: 0.0.16
  koa-router: 10.1.1
  koa-static: 5.0.0
  mongodb: 4.3.1
  mysql: 2.18.1
  path: 0.12.7
  request: 2.88.2
  require-directory: 2.1.1

devDependencies:
  '@types/koa-cors': 0.0.2

packages:

  /@types/accepts/1.3.5:
    resolution: {integrity: sha512-jOdnI/3qTpHABjM5cx1Hc0sKsPoYCp+DP/GJRGtDlPd7fiV9oXGGIcjW/ZOxLIvjGz8MA+uMZI9metHlgqbgwQ==}
    dependencies:
      '@types/node': 17.0.12
    dev: true

  /@types/body-parser/1.19.2:
    resolution: {integrity: sha512-ALYone6pm6QmwZoAgeyNksccT9Q4AWZQ6PvfwR37GT6r6FWUPguq6sUmNGSMV2Wr761oQoBxwGGa6DR5o1DC9g==}
    dependencies:
      '@types/connect': 3.4.35
      '@types/node': 17.0.12
    dev: true

  /@types/connect/3.4.35:
    resolution: {integrity: sha512-cdeYyv4KWoEgpBISTxWvqYsVy444DOqehiF3fM3ne10AmJ62RSyNkUnxMJXHQWRQQX2eR94m5y1IZyDwBjV9FQ==}
    dependencies:
      '@types/node': 17.0.12
    dev: true

  /@types/content-disposition/0.5.4:
    resolution: {integrity: sha512-0mPF08jn9zYI0n0Q/Pnz7C4kThdSt+6LD4amsrYDDpgBfrVWa3TcCOxKX1zkGgYniGagRv8heN2cbh+CAn+uuQ==}
    dev: true

  /@types/cookies/0.7.7:
    resolution: {integrity: sha512-h7BcvPUogWbKCzBR2lY4oqaZbO3jXZksexYJVFvkrFeLgbZjQkU4x8pRq6eg2MHXQhY0McQdqmmsxRWlVAHooA==}
    dependencies:
      '@types/connect': 3.4.35
      '@types/express': 4.17.13
      '@types/keygrip': 1.0.2
      '@types/node': 17.0.12
    dev: true

  /@types/express-serve-static-core/4.17.28:
    resolution: {integrity: sha512-P1BJAEAW3E2DJUlkgq4tOL3RyMunoWXqbSCygWo5ZIWTjUgN1YnaXWW4VWl/oc8vs/XoYibEGBKP0uZyF4AHig==}
    dependencies:
      '@types/node': 17.0.12
      '@types/qs': 6.9.7
      '@types/range-parser': 1.2.4
    dev: true

  /@types/express/4.17.13:
    resolution: {integrity: sha512-6bSZTPaTIACxn48l50SR+axgrqm6qXFIxrdAKaG6PaJk3+zuUr35hBlgT7vOmJcum+OEaIBLtHV/qloEAFITeA==}
    dependencies:
      '@types/body-parser': 1.19.2
      '@types/express-serve-static-core': 4.17.28
      '@types/qs': 6.9.7
      '@types/serve-static': 1.13.10
    dev: true

  /@types/formidable/1.2.5:
    resolution: {integrity: sha1-Vh0Cbl8JF55cjvezHo9GUuEavkw=, tarball: '@types/formidable/download/@types/formidable-1.2.5.tgz'}
    dependencies:
      '@types/node': 17.0.12
    dev: false

  /@types/http-assert/1.5.3:
    resolution: {integrity: sha512-FyAOrDuQmBi8/or3ns4rwPno7/9tJTijVW6aQQjK02+kOQ8zmoNg2XJtAuQhvQcy1ASJq38wirX5//9J1EqoUA==}
    dev: true

  /@types/http-errors/1.8.2:
    resolution: {integrity: sha512-EqX+YQxINb+MeXaIqYDASb6U6FCHbWjkj4a1CKDBks3d/QiB2+PqBLyO72vLDgAO1wUI4O+9gweRcQK11bTL/w==}
    dev: true

  /@types/keygrip/1.0.2:
    resolution: {integrity: sha512-GJhpTepz2udxGexqos8wgaBx4I/zWIDPh/KOGEwAqtuGDkOUJu5eFvwmdBX4AmB8Odsr+9pHCQqiAqDL/yKMKw==}
    dev: true

  /@types/koa-compose/3.2.5:
    resolution: {integrity: sha512-B8nG/OoE1ORZqCkBVsup/AKcvjdgoHnfi4pZMn5UwAPCbhk/96xyv284eBYW8JlQbQ7zDmnpFr68I/40mFoIBQ==}
    dependencies:
      '@types/koa': 2.13.4
    dev: true

  /@types/koa-cors/0.0.2:
    resolution: {integrity: sha512-uNaDY26HUVO+2C6arK8ZFODs9mBjYprD8mlvkVe2bYdX9wzEeKtycVXPafXpUkePhMh4sffIMkhRDyedokG/QA==}
    dependencies:
      '@types/koa': 2.13.4
    dev: true

  /@types/koa/2.13.4:
    resolution: {integrity: sha512-dfHYMfU+z/vKtQB7NUrthdAEiSvnLebvBjwHtfFmpZmB7em2N3WVQdHgnFq+xvyVgxW5jKDmjWfLD3lw4g4uTw==}
    dependencies:
      '@types/accepts': 1.3.5
      '@types/content-disposition': 0.5.4
      '@types/cookies': 0.7.7
      '@types/http-assert': 1.5.3
      '@types/http-errors': 1.8.2
      '@types/keygrip': 1.0.2
      '@types/koa-compose': 3.2.5
      '@types/node': 17.0.12
    dev: true

  /@types/mime/1.3.2:
    resolution: {integrity: sha512-YATxVxgRqNH6nHEIsvg6k2Boc1JHI9ZbH5iWFFv/MTkchz3b1ieGDa5T0a9RznNdI0KhVbdbWSN+KWWrQZRxTw==}
    dev: true

  /@types/node/17.0.12:
    resolution: {integrity: sha512-4YpbAsnJXWYK/fpTVFlMIcUIho2AYCi4wg5aNPrG1ng7fn/1/RZfCIpRCiBX+12RVa34RluilnvCqD+g3KiSiA==, tarball: '@types/node/download/@types/node-17.0.12.tgz'}

  /@types/qs/6.9.7:
    resolution: {integrity: sha512-FGa1F62FT09qcrueBA6qYTrJPVDzah9a+493+o2PCXsesWHIn27G98TsSMs3WPNbZIEj4+VJf6saSFpvD+3Zsw==}
    dev: true

  /@types/range-parser/1.2.4:
    resolution: {integrity: sha512-EEhsLsD6UsDM1yFhAvy0Cjr6VwmpMWqFBCb9w07wVugF7w9nfajxLuVmngTIpgS6svCnm6Vaw+MZhoDCKnOfsw==}
    dev: true

  /@types/serve-static/1.13.10:
    resolution: {integrity: sha512-nCkHGI4w7ZgAdNkrEu0bv+4xNV/XDqW+DydknebMOQwkpDGx8G+HTlj7R7ABI8i8nKxVw0wtKPi1D+lPOkh4YQ==}
    dependencies:
      '@types/mime': 1.3.2
      '@types/node': 17.0.12
    dev: true

  /@types/webidl-conversions/6.1.1:
    resolution: {integrity: sha1-4zvI6oEqAfY/kEgcZmM0hEsSoJ4=, tarball: '@types/webidl-conversions/download/@types/webidl-conversions-6.1.1.tgz'}
    dev: false

  /@types/whatwg-url/8.2.1:
    resolution: {integrity: sha1-8arCItq3xZ4BFmOgywoxF7LvBdQ=, tarball: '@types/whatwg-url/download/@types/whatwg-url-8.2.1.tgz'}
    dependencies:
      '@types/node': 17.0.12
      '@types/webidl-conversions': 6.1.1
    dev: false

  /accepts/1.3.7:
    resolution: {integrity: sha1-UxvHJlF6OytB+FACHGzBXqq1B80=, tarball: accepts/download/accepts-1.3.7.tgz?cache=0&sync_timestamp=1632822722930&other_urls=https%3A%2F%2Fregistry.npmmirror.com%2Faccepts%2Fdownload%2Faccepts-1.3.7.tgz}
    engines: {node: '>= 0.6'}
    dependencies:
      mime-types: 2.1.34
      negotiator: 0.6.2
    dev: false

  /ajv/6.12.6:
    resolution: {integrity: sha512-j3fVLgvTo527anyYyJOGTYJbG+vnnQYvE0m5mmkc1TK+nxAppkCLMIL0aZ4dblVCNoGShhm+kzE4ZUykBoMg4g==, tarball: ajv/download/ajv-6.12.6.tgz}
    dependencies:
      fast-deep-equal: 3.1.3
      fast-json-stable-stringify: 2.1.0
      json-schema-traverse: 0.4.1
      uri-js: 4.4.1
    dev: false

  /asn1/0.2.6:
    resolution: {integrity: sha1-DTp7tuZOAqkMAwOzHykoaOoJoI0=, tarball: asn1/download/asn1-0.2.6.tgz}
    dependencies:
      safer-buffer: 2.1.2
    dev: false

  /assert-plus/1.0.0:
    resolution: {integrity: sha1-8S4PPF13sLHN2RRpQuTpbB5N1SU=, tarball: assert-plus/download/assert-plus-1.0.0.tgz}
    engines: {node: '>=0.8'}
    dev: false

  /asynckit/0.4.0:
    resolution: {integrity: sha1-x57Zf380y48robyXkLzDZkdLS3k=, tarball: asynckit/download/asynckit-0.4.0.tgz}
    dev: false

  /aws-sign2/0.7.0:
    resolution: {integrity: sha1-tG6JCTSpWR8tL2+G1+ap8bP+dqg=, tarball: aws-sign2/download/aws-sign2-0.7.0.tgz}
    dev: false

  /aws4/1.11.0:
    resolution: {integrity: sha1-1h9G2DslGSUOJ4Ta9bCUeai0HFk=, tarball: aws4/download/aws4-1.11.0.tgz}
    dev: false

  /base64-js/1.5.1:
    resolution: {integrity: sha1-GxtEAWClv3rUC2UPCVljSBkDkwo=, tarball: base64-js/download/base64-js-1.5.1.tgz}
    dev: false

  /bcrypt-pbkdf/1.0.2:
    resolution: {integrity: sha1-pDAdOJtqQ/m2f/PKEaP2Y342Dp4=, tarball: bcrypt-pbkdf/download/bcrypt-pbkdf-1.0.2.tgz}
    dependencies:
      tweetnacl: 0.14.5
    dev: false

  /bignumber.js/9.0.0:
    resolution: {integrity: sha512-t/OYhhJ2SD+YGBQcjY8GzzDHEk9f3nerxjtfa6tlMXfe7frs/WozhvCNoGvpM0P3bNf3Gq5ZRMlGr5f3r4/N8A==, tarball: bignumber.js/download/bignumber.js-9.0.0.tgz}
    dev: false

  /bson/4.6.1:
    resolution: {integrity: sha512-I1LQ7Hz5zgwR4QquilLNZwbhPw0Apx7i7X9kGMBTsqPdml/03Q9NBtD9nt/19ahjlphktQImrnderxqpzeVDjw==, tarball: bson/download/bson-4.6.1.tgz}
    engines: {node: '>=6.9.0'}
    dependencies:
      buffer: 5.7.1
    dev: false

  /buffer/5.7.1:
    resolution: {integrity: sha512-EHcyIPBQ4BSGlvjB16k5KgAJ27CIsHY/2JBmCRReo48y9rQ3MaUzWX3KVlBa4U7MyX02HdVj0K7C3WaB3ju7FQ==, tarball: buffer/download/buffer-5.7.1.tgz}
    dependencies:
      base64-js: 1.5.1
      ieee754: 1.2.1
    dev: false

  /bytes/3.1.1:
    resolution: {integrity: sha512-dWe4nWO/ruEOY7HkUJ5gFt1DCFV9zPRoJr8pV0/ASQermOZjtq8jMjOprC0Kd10GLN+l7xaUPvxzJFWtxGu8Fg==, tarball: bytes/download/bytes-3.1.1.tgz}
    engines: {node: '>= 0.8'}
    dev: false

  /cache-content-type/1.0.1:
    resolution: {integrity: sha1-A1zeKwjuISn0qDFeqPAKANuhRTw=, tarball: cache-content-type/download/cache-content-type-1.0.1.tgz}
    engines: {node: '>= 6.0.0'}
    dependencies:
      mime-types: 2.1.34
      ylru: 1.2.1
    dev: false

  /call-bind/1.0.2:
    resolution: {integrity: sha1-sdTonmiBGcPJqQOtMKuy9qkZvjw=, tarball: call-bind/download/call-bind-1.0.2.tgz}
    dependencies:
      function-bind: 1.1.1
      get-intrinsic: 1.1.1
    dev: false

  /caseless/0.12.0:
    resolution: {integrity: sha1-G2gcIf+EAzyCZUMJBolCDRhxUdw=, tarball: caseless/download/caseless-0.12.0.tgz}
    dev: false

  /co-body/5.2.0:
    resolution: {integrity: sha1-WgpljEYCkTHg46MG9nZHMC9xwSQ=, tarball: co-body/download/co-body-5.2.0.tgz}
    dependencies:
      inflation: 2.0.0
      qs: 6.10.3
      raw-body: 2.4.2
      type-is: 1.6.18
    dev: false

  /co/4.6.0:
    resolution: {integrity: sha512-QVb0dM5HvG+uaxitm8wONl7jltx8dqhfU33DcqtOZcLSVIKSDDLDi7+0LbAKiyI8hD9u42m2YxXSkMGWThaecQ==}
    engines: {iojs: '>= 1.0.0', node: '>= 0.12.0'}
    dev: false

  /combined-stream/1.0.8:
    resolution: {integrity: sha1-w9RaizT9cwYxoRCoolIGgrMdWn8=, tarball: combined-stream/download/combined-stream-1.0.8.tgz}
    engines: {node: '>= 0.8'}
    dependencies:
      delayed-stream: 1.0.0
    dev: false

  /content-disposition/0.5.4:
    resolution: {integrity: sha512-FveZTNuGw04cxlAiWbzi6zTAL/lhehaWbTtgluJh4/E95DqMwTmha3KZN1aAWA8cFIhHzMZUvLevkw5Rqk+tSQ==, tarball: content-disposition/download/content-disposition-0.5.4.tgz}
    engines: {node: '>= 0.6'}
    dependencies:
      safe-buffer: 5.2.1
    dev: false

  /content-type/1.0.4:
    resolution: {integrity: sha1-4TjMdeBAxyexlm/l5fjJruJW/js=, tarball: content-type/download/content-type-1.0.4.tgz?cache=0&sync_timestamp=1632822723139&other_urls=https%3A%2F%2Fregistry.npmmirror.com%2Fcontent-type%2Fdownload%2Fcontent-type-1.0.4.tgz}
    engines: {node: '>= 0.6'}
    dev: false

  /cookies/0.8.0:
    resolution: {integrity: sha512-8aPsApQfebXnuI+537McwYsDtjVxGm8gTIzQI3FDW6t5t/DAhERxtnbEPN/8RX+uZthoz4eCOgloXaE5cYyNow==, tarball: cookies/download/cookies-0.8.0.tgz}
    engines: {node: '>= 0.8'}
    dependencies:
      depd: 2.0.0
      keygrip: 1.1.0
    dev: false

  /core-util-is/1.0.2:
    resolution: {integrity: sha1-tf1UIgqivFq1eqtxQMlAdUUDwac=, tarball: core-util-is/download/core-util-is-1.0.2.tgz}
    dev: false

  /core-util-is/1.0.3:
    resolution: {integrity: sha1-pgQtNjTCsn6TKPg3uWX6yDgI24U=, tarball: core-util-is/download/core-util-is-1.0.3.tgz}
    dev: false

  /dashdash/1.14.1:
    resolution: {integrity: sha1-hTz6D3y+L+1d4gMmuN1YEDX24vA=, tarball: dashdash/download/dashdash-1.14.1.tgz}
    engines: {node: '>=0.10'}
    dependencies:
      assert-plus: 1.0.0
    dev: false

  /debug/3.2.7:
    resolution: {integrity: sha512-CFjzYYAi4ThfiQvizrFQevTTXHtnCqWfe7x1AhgEscTz6ZbLbfoLRLPugTQyBth6f8ZERVUSyWHFD/7Wu4t1XQ==, tarball: debug/download/debug-3.2.7.tgz}
    dependencies:
      ms: 2.1.3
    dev: false

  /debug/4.3.3:
    resolution: {integrity: sha512-/zxw5+vh1Tfv+4Qn7a5nsbcJKPaSvCDhojn6FEl9vupwK2VCSDtEiEtqr8DFtzYFOdz63LBkxec7DYuc2jon6Q==, tarball: debug/download/debug-4.3.3.tgz}
    engines: {node: '>=6.0'}
    peerDependencies:
      supports-color: '*'
    peerDependenciesMeta:
      supports-color:
        optional: true
    dependencies:
      ms: 2.1.2
    dev: false

  /deep-equal/1.0.1:
    resolution: {integrity: sha1-9dJgKStmDghO/0zbyfCK0yR0SLU=, tarball: deep-equal/download/deep-equal-1.0.1.tgz}
    dev: false

  /delayed-stream/1.0.0:
    resolution: {integrity: sha1-3zrhmayt+31ECqrgsp4icrJOxhk=, tarball: delayed-stream/download/delayed-stream-1.0.0.tgz}
    engines: {node: '>=0.4.0'}
    dev: false

  /delegates/1.0.0:
    resolution: {integrity: sha1-hMbhWbgZBP3KWaDvRM2HDTElD5o=, tarball: delegates/download/delegates-1.0.0.tgz}
    dev: false

  /denque/2.0.1:
    resolution: {integrity: sha1-vO9MG4DcMu/pdRV0TyGkIpq4k0o=, tarball: denque/download/denque-2.0.1.tgz}
    engines: {node: '>=0.10'}
    dev: false

  /depd/1.1.2:
    resolution: {integrity: sha1-m81S4UwJd2PnSbJ0xDRu0uVgtak=, tarball: depd/download/depd-1.1.2.tgz}
    engines: {node: '>= 0.6'}
    dev: false

  /depd/2.0.0:
    resolution: {integrity: sha1-tpYWPMdXVg0JzyLMj60Vcbeedt8=, tarball: depd/download/depd-2.0.0.tgz}
    engines: {node: '>= 0.8'}
    dev: false

  /destroy/1.1.0:
    resolution: {integrity: sha512-R5QZrOXxSs0JDUIU/VANvRJlQVMts9C0L76HToQdPdlftfZCE7W6dyH0G4GZ5UW9fRqUOhAoCE2aGekuu+3HjQ==, tarball: destroy/download/destroy-1.1.0.tgz}
    engines: {node: '>= 0.8', npm: 1.2.8000 || >= 1.4.16}
    dev: false

  /ecc-jsbn/0.1.2:
    resolution: {integrity: sha1-OoOpBOVDUyh4dMVkt1SThoSamMk=, tarball: ecc-jsbn/download/ecc-jsbn-0.1.2.tgz}
    dependencies:
      jsbn: 0.1.1
      safer-buffer: 2.1.2
    dev: false

  /ee-first/1.1.1:
    resolution: {integrity: sha1-WQxhFWsK4vTwJVcyoViyZrxWsh0=, tarball: ee-first/download/ee-first-1.1.1.tgz}
    dev: false

  /encodeurl/1.0.2:
    resolution: {integrity: sha512-TPJXq8JqFaVYm2CWmPvnP2Iyo4ZSM7/QKcSmuMLDObfpH5fi7RUGmd/rTDf+rut/saiDiQEeVTNgAmJEdAOx0w==, tarball: encodeurl/download/encodeurl-1.0.2.tgz}
    engines: {node: '>= 0.8'}
    dev: false

  /escape-html/1.0.3:
    resolution: {integrity: sha1-Aljq5NPQwJdN4cFpGI7wBR0dGYg=, tarball: escape-html/download/escape-html-1.0.3.tgz}
    dev: false

  /extend/3.0.2:
    resolution: {integrity: sha1-+LETa0Bx+9jrFAr/hYsQGewpFfo=, tarball: extend/download/extend-3.0.2.tgz}
    dev: false

  /extsprintf/1.3.0:
    resolution: {integrity: sha1-lpGEQOMEGnpBT4xS48V06zw+HgU=, tarball: extsprintf/download/extsprintf-1.3.0.tgz}
    engines: {'0': node >=0.6.0}
    dev: false

  /fast-deep-equal/3.1.3:
    resolution: {integrity: sha1-On1WtVnWy8PrUSMlJE5hmmXGxSU=, tarball: fast-deep-equal/download/fast-deep-equal-3.1.3.tgz}
    dev: false

  /fast-json-stable-stringify/2.1.0:
    resolution: {integrity: sha1-h0v2nG9ATCtdmcSBNBOZ/VWJJjM=, tarball: fast-json-stable-stringify/download/fast-json-stable-stringify-2.1.0.tgz}
    dev: false

  /forever-agent/0.6.1:
    resolution: {integrity: sha1-+8cfDEGt6zf5bFd60e1C2P2sypE=, tarball: forever-agent/download/forever-agent-0.6.1.tgz}
    dev: false

  /form-data/2.3.3:
    resolution: {integrity: sha1-3M5SwF9kTymManq5Nr1yTO/786Y=, tarball: form-data/download/form-data-2.3.3.tgz}
    engines: {node: '>= 0.12'}
    dependencies:
      asynckit: 0.4.0
      combined-stream: 1.0.8
      mime-types: 2.1.34
    dev: false

  /formidable/1.2.6:
    resolution: {integrity: sha1-0qUdYBYrvJtKBV2EV6fHUxXRoWg=, tarball: formidable/download/formidable-1.2.6.tgz}
    deprecated: 'Please upgrade to latest, formidable@v2 or formidable@v3! Check these notes: https://bit.ly/2ZEqIau'
    dev: false

  /fresh/0.5.2:
    resolution: {integrity: sha1-PYyt2Q2XZWn6g1qx+OSyOhBWBac=, tarball: fresh/download/fresh-0.5.2.tgz?cache=0&sync_timestamp=1633501772403&other_urls=https%3A%2F%2Fregistry.npmmirror.com%2Ffresh%2Fdownload%2Ffresh-0.5.2.tgz}
    engines: {node: '>= 0.6'}
    dev: false

  /fs/0.0.1-security:
    resolution: {integrity: sha512-3XY9e1pP0CVEUCdj5BmfIZxRBTSDycnbqhIOGec9QYtmVH2fbLpj86CFWkrNOkt/Fvty4KZG5lTglL9j/gJ87w==, tarball: fs/download/fs-0.0.1-security.tgz}
    dev: false

  /function-bind/1.1.1:
    resolution: {integrity: sha1-pWiZ0+o8m6uHS7l3O3xe3pL0iV0=, tarball: function-bind/download/function-bind-1.1.1.tgz}
    dev: false

  /get-intrinsic/1.1.1:
    resolution: {integrity: sha1-FfWfN2+FXERpY5SPDSTNNje0q8Y=, tarball: get-intrinsic/download/get-intrinsic-1.1.1.tgz}
    dependencies:
      function-bind: 1.1.1
      has: 1.0.3
      has-symbols: 1.0.2
    dev: false

  /getpass/0.1.7:
    resolution: {integrity: sha1-Xv+OPmhNVprkyysSgmBOi6YhSfo=, tarball: getpass/download/getpass-0.1.7.tgz}
    dependencies:
      assert-plus: 1.0.0
    dev: false

  /har-schema/2.0.0:
    resolution: {integrity: sha1-qUwiJOvKwEeCoNkDVSHyRzW37JI=, tarball: har-schema/download/har-schema-2.0.0.tgz}
    engines: {node: '>=4'}
    dev: false

  /har-validator/5.1.5:
    resolution: {integrity: sha1-HwgDufjLIMD6E4It8ezds2veHv0=, tarball: har-validator/download/har-validator-5.1.5.tgz}
    engines: {node: '>=6'}
    deprecated: this library is no longer supported
    dependencies:
      ajv: 6.12.6
      har-schema: 2.0.0
    dev: false

  /has-symbols/1.0.2:
    resolution: {integrity: sha1-Fl0wcMADCXUqEjakeTMeOsVvFCM=, tarball: has-symbols/download/has-symbols-1.0.2.tgz}
    engines: {node: '>= 0.4'}
    dev: false

  /has-tostringtag/1.0.0:
    resolution: {integrity: sha1-fhM4GKfTlHNPlB5zw9P5KR5liyU=, tarball: has-tostringtag/download/has-tostringtag-1.0.0.tgz}
    engines: {node: '>= 0.4'}
    dependencies:
      has-symbols: 1.0.2
    dev: false

  /has/1.0.3:
    resolution: {integrity: sha1-ci18v8H2qoJB8W3YFOAR4fQeh5Y=, tarball: has/download/has-1.0.3.tgz}
    engines: {node: '>= 0.4.0'}
    dependencies:
      function-bind: 1.1.1
    dev: false

  /http-assert/1.5.0:
    resolution: {integrity: sha1-w4nM2HrBbtLfpiRv1zuSaqAOa48=, tarball: http-assert/download/http-assert-1.5.0.tgz}
    engines: {node: '>= 0.8'}
    dependencies:
      deep-equal: 1.0.1
      http-errors: 1.8.1
    dev: false

  /http-errors/1.6.3:
    resolution: {integrity: sha1-i1VoC7S+KDoLW/TqLjhYC+HZMg0=, tarball: http-errors/download/http-errors-1.6.3.tgz}
    engines: {node: '>= 0.6'}
    dependencies:
      depd: 1.1.2
      inherits: 2.0.3
      setprototypeof: 1.1.0
      statuses: 1.5.0
    dev: false

  /http-errors/1.8.1:
    resolution: {integrity: sha512-Kpk9Sm7NmI+RHhnj6OIWDI1d6fIoFAtFt9RLaTMRlg/8w49juAStsrBgp0Dp4OdxdVbRIeKhtCUvoi/RuAhO4g==, tarball: http-errors/download/http-errors-1.8.1.tgz}
    engines: {node: '>= 0.6'}
    dependencies:
      depd: 1.1.2
      inherits: 2.0.4
      setprototypeof: 1.2.0
      statuses: 1.5.0
      toidentifier: 1.0.1
    dev: false

  /http-signature/1.2.0:
    resolution: {integrity: sha1-muzZJRFHcvPZW2WmCruPfBj7rOE=, tarball: http-signature/download/http-signature-1.2.0.tgz}
    engines: {node: '>=0.8', npm: '>=1.3.7'}
    dependencies:
      assert-plus: 1.0.0
      jsprim: 1.4.2
      sshpk: 1.17.0
    dev: false

  /iconv-lite/0.4.24:
    resolution: {integrity: sha1-ICK0sl+93CHS9SSXSkdKr+czkIs=, tarball: iconv-lite/download/iconv-lite-0.4.24.tgz}
    engines: {node: '>=0.10.0'}
    dependencies:
      safer-buffer: 2.1.2
    dev: false

  /ieee754/1.2.1:
    resolution: {integrity: sha1-jrehCmP/8l0VpXsAFYbRd9Gw01I=, tarball: ieee754/download/ieee754-1.2.1.tgz}
    dev: false

  /inflation/2.0.0:
    resolution: {integrity: sha1-i0F+R8KPklpFEz2RTKH9OJEH8w8=, tarball: inflation/download/inflation-2.0.0.tgz}
    engines: {node: '>= 0.8.0'}
    dev: false

  /inherits/2.0.3:
    resolution: {integrity: sha1-Yzwsg+PaQqUC9SRmAiSA9CCCYd4=, tarball: inherits/download/inherits-2.0.3.tgz}
    dev: false

  /inherits/2.0.4:
    resolution: {integrity: sha1-D6LGT5MpF8NDOg3tVTY6rjdBa3w=, tarball: inherits/download/inherits-2.0.4.tgz}
    dev: false

  /ip/1.1.5:
    resolution: {integrity: sha1-vd7XARQpCCjAoDnnLvJfWq7ENUo=, tarball: ip/download/ip-1.1.5.tgz}
    dev: false

  /is-generator-function/1.0.10:
    resolution: {integrity: sha1-8VWLrxrBfg3up8BBXEODUf8rPHI=, tarball: is-generator-function/download/is-generator-function-1.0.10.tgz}
    engines: {node: '>= 0.4'}
    dependencies:
      has-tostringtag: 1.0.0
    dev: false

  /is-typedarray/1.0.0:
    resolution: {integrity: sha1-5HnICFjfDBsR3dppQPlgEfzaSpo=, tarball: is-typedarray/download/is-typedarray-1.0.0.tgz}
    dev: false

  /isarray/1.0.0:
    resolution: {integrity: sha512-VLghIWNM6ELQzo7zwmcg0NmTVyWKYjvIeM83yjp0wRDTmUnrM678fQbcKBo6n2CJEF0szoG//ytg+TKla89ALQ==, tarball: isarray/download/isarray-1.0.0.tgz}
    dev: false

  /isstream/0.1.2:
    resolution: {integrity: sha1-R+Y/evVa+m+S4VAOaQ64uFKcCZo=, tarball: isstream/download/isstream-0.1.2.tgz}
    dev: false

  /jsbn/0.1.1:
    resolution: {integrity: sha1-peZUwuWi3rXyAdls77yoDA7y9RM=, tarball: jsbn/download/jsbn-0.1.1.tgz}
    dev: false

  /json-schema-traverse/0.4.1:
    resolution: {integrity: sha1-afaofZUTq4u4/mO9sJecRI5oRmA=, tarball: json-schema-traverse/download/json-schema-traverse-0.4.1.tgz}
    dev: false

  /json-schema/0.4.0:
    resolution: {integrity: sha512-es94M3nTIfsEPisRafak+HDLfHXnKBhV3vU5eqPcS3flIWqcxJWgXHXiey3YrpaNsanY5ei1VoYEbOzijuq9BA==, tarball: json-schema/download/json-schema-0.4.0.tgz?cache=0&sync_timestamp=1636559101924&other_urls=https%3A%2F%2Fregistry.npmmirror.com%2Fjson-schema%2Fdownload%2Fjson-schema-0.4.0.tgz}
    dev: false

  /json-stringify-safe/5.0.1:
    resolution: {integrity: sha1-Epai1Y/UXxmg9s4B1lcB4sc1tus=, tarball: json-stringify-safe/download/json-stringify-safe-5.0.1.tgz}
    dev: false

  /jsprim/1.4.2:
    resolution: {integrity: sha512-P2bSOMAc/ciLz6DzgjVlGJP9+BrJWu5UDGK70C2iweC5QBIeFf0ZXRvGjEj2uYgrY2MkAAhsSWHDWlFtEroZWw==, tarball: jsprim/download/jsprim-1.4.2.tgz}
    engines: {node: '>=0.6.0'}
    dependencies:
      assert-plus: 1.0.0
      extsprintf: 1.3.0
      json-schema: 0.4.0
      verror: 1.10.0
    dev: false

  /keygrip/1.1.0:
    resolution: {integrity: sha1-hxsWgdXhWcYqRFsMdLYV4JF+ciY=, tarball: keygrip/download/keygrip-1.1.0.tgz}
    engines: {node: '>= 0.6'}
    dependencies:
      tsscmp: 1.0.6
    dev: false

  /koa-body/4.2.0:
    resolution: {integrity: sha512-wdGu7b9amk4Fnk/ytH8GuWwfs4fsB5iNkY8kZPpgQVb04QZSv85T0M8reb+cJmvLE8cjPYvBzRikD3s6qz8OoA==, tarball: koa-body/download/koa-body-4.2.0.tgz}
    dependencies:
      '@types/formidable': 1.2.5
      co-body: 5.2.0
      formidable: 1.2.6
    dev: false

  /koa-compose/4.1.0:
    resolution: {integrity: sha1-UHMGuTcZAdtBEhyBLpI9DWfT6Hc=, tarball: koa-compose/download/koa-compose-4.1.0.tgz}
    dev: false

  /koa-convert/2.0.0:
    resolution: {integrity: sha512-asOvN6bFlSnxewce2e/DK3p4tltyfC4VM7ZwuTuepI7dEQVcvpyFuBcEARu1+Hxg8DIwytce2n7jrZtRlPrARA==}
    engines: {node: '>= 10'}
    dependencies:
      co: 4.6.0
      koa-compose: 4.1.0
    dev: false

  /koa-cors/0.0.16:
    resolution: {integrity: sha1-mBB5k6eQnjTAQphsXsYVbXfzQy4=, tarball: koa-cors/download/koa-cors-0.0.16.tgz}
    dev: false

  /koa-router/10.1.1:
    resolution: {integrity: sha512-z/OzxVjf5NyuNO3t9nJpx7e1oR3FSBAauiwXtMQu4ppcnuNZzTaQ4p21P8A6r2Es8uJJM339oc4oVW+qX7SqnQ==, tarball: koa-router/download/koa-router-10.1.1.tgz}
    engines: {node: '>= 8.0.0'}
    dependencies:
      debug: 4.3.3
      http-errors: 1.8.1
      koa-compose: 4.1.0
      methods: 1.1.2
      path-to-regexp: 6.2.0
    transitivePeerDependencies:
      - supports-color
    dev: false

  /koa-send/5.0.1:
    resolution: {integrity: sha1-Odzuv6+zldDWC+r/ujpwtPVD/nk=, tarball: koa-send/download/koa-send-5.0.1.tgz}
    engines: {node: '>= 8'}
    dependencies:
      debug: 4.3.3
      http-errors: 1.8.1
      resolve-path: 1.4.0
    transitivePeerDependencies:
      - supports-color
    dev: false

  /koa-static/5.0.0:
    resolution: {integrity: sha512-UqyYyH5YEXaJrf9S8E23GoJFQZXkBVJ9zYYMPGz919MSX1KuvAcycIuS0ci150HCoPf4XQVhQ84Qf8xRPWxFaQ==, tarball: koa-static/download/koa-static-5.0.0.tgz}
    engines: {node: '>= 7.6.0'}
    dependencies:
      debug: 3.2.7
      koa-send: 5.0.1
    transitivePeerDependencies:
      - supports-color
    dev: false

  /koa/2.13.4:
    resolution: {integrity: sha512-43zkIKubNbnrULWlHdN5h1g3SEKXOEzoAlRsHOTFpnlDu8JlAOZSMJBLULusuXRequboiwJcj5vtYXKB3k7+2g==, tarball: koa/download/koa-2.13.4.tgz}
    engines: {node: ^4.8.4 || ^6.10.1 || ^7.10.1 || >= 8.1.4}
    dependencies:
      accepts: 1.3.7
      cache-content-type: 1.0.1
      content-disposition: 0.5.4
      content-type: 1.0.4
      cookies: 0.8.0
      debug: 4.3.3
      delegates: 1.0.0
      depd: 2.0.0
      destroy: 1.1.0
      encodeurl: 1.0.2
      escape-html: 1.0.3
      fresh: 0.5.2
      http-assert: 1.5.0
      http-errors: 1.8.1
      is-generator-function: 1.0.10
      koa-compose: 4.1.0
      koa-convert: 2.0.0
      on-finished: 2.3.0
      only: 0.0.2
      parseurl: 1.3.3
      statuses: 1.5.0
      type-is: 1.6.18
      vary: 1.1.2
    transitivePeerDependencies:
      - supports-color
    dev: false

  /media-typer/0.3.0:
    resolution: {integrity: sha1-hxDXrwqmJvj/+hzgAWhUUmMlV0g=, tarball: media-typer/download/media-typer-0.3.0.tgz}
    engines: {node: '>= 0.6'}
    dev: false

  /memory-pager/1.5.0:
    resolution: {integrity: sha1-2HUWVdItOEaCdByXLyw9bfo+ZrU=, tarball: memory-pager/download/memory-pager-1.5.0.tgz}
    dev: false
    optional: true

  /methods/1.1.2:
    resolution: {integrity: sha1-VSmk1nZUE07cxSZmVoNbD4Ua/O4=, tarball: methods/download/methods-1.1.2.tgz}
    engines: {node: '>= 0.6'}
    dev: false

  /mime-db/1.51.0:
    resolution: {integrity: sha512-5y8A56jg7XVQx2mbv1lu49NR4dokRnhZYTtL+KGfaa27uq4pSTXkwQkFJl4pkRMyNFz/EtYDSkiiEHx3F7UN6g==, tarball: mime-db/download/mime-db-1.51.0.tgz}
    engines: {node: '>= 0.6'}
    dev: false

  /mime-types/2.1.34:
    resolution: {integrity: sha512-6cP692WwGIs9XXdOO4++N+7qjqv0rqxxVvJ3VHPh/Sc9mVZcQP+ZGhkKiTvWMQRr2tbHkJP/Yn7Y0npb3ZBs4A==, tarball: mime-types/download/mime-types-2.1.34.tgz?cache=0&sync_timestamp=1636436454904&other_urls=https%3A%2F%2Fregistry.npmmirror.com%2Fmime-types%2Fdownload%2Fmime-types-2.1.34.tgz}
    engines: {node: '>= 0.6'}
    dependencies:
      mime-db: 1.51.0
    dev: false

  /mongodb-connection-string-url/2.4.1:
    resolution: {integrity: sha512-d5Kd2bVsKcSA7YI/yo57fSTtMwRQdFkvc5IZwod1RRxJtECeWPPSo7zqcUGJELifRA//Igs4spVtYAmvFCatug==, tarball: mongodb-connection-string-url/download/mongodb-connection-string-url-2.4.1.tgz}
    dependencies:
      '@types/whatwg-url': 8.2.1
      whatwg-url: 11.0.0
    dev: false

  /mongodb/4.3.1:
    resolution: {integrity: sha512-sNa8APSIk+r4x31ZwctKjuPSaeKuvUeNb/fu/3B6dRM02HpEgig7hTHM8A/PJQTlxuC/KFWlDlQjhsk/S43tBg==, tarball: mongodb/download/mongodb-4.3.1.tgz}
    engines: {node: '>=12.9.0'}
    dependencies:
      bson: 4.6.1
      denque: 2.0.1
      mongodb-connection-string-url: 2.4.1
      socks: 2.6.1
    optionalDependencies:
      saslprep: 1.0.3
    dev: false

  /ms/2.1.2:
    resolution: {integrity: sha1-0J0fNXtEP0kzgqjrPM0YOHKuYAk=, tarball: ms/download/ms-2.1.2.tgz?cache=0&sync_timestamp=1632822734970&other_urls=https%3A%2F%2Fregistry.npmmirror.com%2Fms%2Fdownload%2Fms-2.1.2.tgz}
    dev: false

  /ms/2.1.3:
    resolution: {integrity: sha1-V0yBOM4dK1hh8LRFedut1gxmFbI=, tarball: ms/download/ms-2.1.3.tgz?cache=0&sync_timestamp=1632822734970&other_urls=https%3A%2F%2Fregistry.npmmirror.com%2Fms%2Fdownload%2Fms-2.1.3.tgz}
    dev: false

  /mysql/2.18.1:
    resolution: {integrity: sha512-Bca+gk2YWmqp2Uf6k5NFEurwY/0td0cpebAucFpY/3jhrwrVGuxU2uQFCHjU19SJfje0yQvi+rVWdq78hR5lig==, tarball: mysql/download/mysql-2.18.1.tgz}
    engines: {node: '>= 0.6'}
    dependencies:
      bignumber.js: 9.0.0
      readable-stream: 2.3.7
      safe-buffer: 5.1.2
      sqlstring: 2.3.1
    dev: false

  /negotiator/0.6.2:
    resolution: {integrity: sha1-/qz3zPUlp3rpY0Q2pkiD/+yjRvs=, tarball: negotiator/download/negotiator-0.6.2.tgz}
    engines: {node: '>= 0.6'}
    dev: false

  /oauth-sign/0.9.0:
    resolution: {integrity: sha1-R6ewFrqmi1+g7PPe4IqFxnmsZFU=, tarball: oauth-sign/download/oauth-sign-0.9.0.tgz}
    dev: false

  /object-inspect/1.12.0:
    resolution: {integrity: sha512-Ho2z80bVIvJloH+YzRmpZVQe87+qASmBUKZDWgx9cu+KDrX2ZDH/3tMy+gXbZETVGs2M8YdxObOh7XAtim9Y0g==, tarball: object-inspect/download/object-inspect-1.12.0.tgz}
    dev: false

  /on-finished/2.3.0:
    resolution: {integrity: sha1-IPEzZIGwg811M3mSoWlxqi2QaUc=, tarball: on-finished/download/on-finished-2.3.0.tgz}
    engines: {node: '>= 0.8'}
    dependencies:
      ee-first: 1.1.1
    dev: false

  /only/0.0.2:
    resolution: {integrity: sha1-Kv3oTQPlC5qO3EROMGEKcCle37Q=, tarball: only/download/only-0.0.2.tgz}
    dev: false

  /parseurl/1.3.3:
    resolution: {integrity: sha1-naGee+6NEt/wUT7Vt2lXeTvC6NQ=, tarball: parseurl/download/parseurl-1.3.3.tgz}
    engines: {node: '>= 0.8'}
    dev: false

  /path-is-absolute/1.0.1:
    resolution: {integrity: sha1-F0uSaHNVNP+8es5r9TpanhtcX18=, tarball: path-is-absolute/download/path-is-absolute-1.0.1.tgz}
    engines: {node: '>=0.10.0'}
    dev: false

  /path-to-regexp/6.2.0:
    resolution: {integrity: sha512-f66KywYG6+43afgE/8j/GoiNyygk/bnoCbps++3ErRKsIYkGGupyv07R2Ok5m9i67Iqc+T2g1eAUGUPzWhYTyg==, tarball: path-to-regexp/download/path-to-regexp-6.2.0.tgz}
    dev: false

  /path/0.12.7:
    resolution: {integrity: sha512-aXXC6s+1w7otVF9UletFkFcDsJeO7lSZBPUQhtb5O0xJe8LtYhj/GxldoL09bBj9+ZmE2hNoHqQSFMN5fikh4Q==, tarball: path/download/path-0.12.7.tgz}
    dependencies:
      process: 0.11.10
      util: 0.10.4
    dev: false

  /performance-now/2.1.0:
    resolution: {integrity: sha1-Ywn04OX6kT7BxpMHrjZLSzd8nns=, tarball: performance-now/download/performance-now-2.1.0.tgz}
    dev: false

  /process-nextick-args/2.0.1:
    resolution: {integrity: sha1-eCDZsWEgzFXKmud5JoCufbptf+I=, tarball: process-nextick-args/download/process-nextick-args-2.0.1.tgz}
    dev: false

  /process/0.11.10:
    resolution: {integrity: sha512-cdGef/drWFoydD1JsMzuFf8100nZl+GT+yacc2bEced5f9Rjk4z+WtFUTBu9PhOi9j/jfmBPu0mMEY4wIdAF8A==, tarball: process/download/process-0.11.10.tgz}
    engines: {node: '>= 0.6.0'}
    dev: false

  /psl/1.8.0:
    resolution: {integrity: sha1-kyb4vPsBOtzABf3/BWrM4CDlHCQ=, tarball: psl/download/psl-1.8.0.tgz}
    dev: false

  /punycode/2.1.1:
    resolution: {integrity: sha1-tYsBCsQMIsVldhbI0sLALHv0eew=, tarball: punycode/download/punycode-2.1.1.tgz}
    engines: {node: '>=6'}
    dev: false

  /qs/6.10.3:
    resolution: {integrity: sha512-wr7M2E0OFRfIfJZjKGieI8lBKb7fRCH4Fv5KNPEs7gJ8jadvotdsS08PzOKR7opXhZ/Xkjtt3WF9g38drmyRqQ==, tarball: qs/download/qs-6.10.3.tgz}
    engines: {node: '>=0.6'}
    dependencies:
      side-channel: 1.0.4
    dev: false

  /qs/6.5.3:
    resolution: {integrity: sha512-qxXIEh4pCGfHICj1mAJQ2/2XVZkjCDTcEgfoSQxc/fYivUZxTkk7L3bDBJSoNrEzXI17oUO5Dp07ktqE5KzczA==, tarball: qs/download/qs-6.5.3.tgz}
    engines: {node: '>=0.6'}
    dev: false

  /raw-body/2.4.2:
    resolution: {integrity: sha512-RPMAFUJP19WIet/99ngh6Iv8fzAbqum4Li7AD6DtGaW2RpMB/11xDoalPiJMTbu6I3hkbMVkATvZrqb9EEqeeQ==, tarball: raw-body/download/raw-body-2.4.2.tgz}
    engines: {node: '>= 0.8'}
    dependencies:
      bytes: 3.1.1
      http-errors: 1.8.1
      iconv-lite: 0.4.24
      unpipe: 1.0.0
    dev: false

  /readable-stream/2.3.7:
    resolution: {integrity: sha1-Hsoc9xGu+BTAT2IlKjamL2yyO1c=, tarball: readable-stream/download/readable-stream-2.3.7.tgz}
    dependencies:
      core-util-is: 1.0.3
      inherits: 2.0.4
      isarray: 1.0.0
      process-nextick-args: 2.0.1
      safe-buffer: 5.1.2
      string_decoder: 1.1.1
      util-deprecate: 1.0.2
    dev: false

  /request/2.88.2:
    resolution: {integrity: sha512-MsvtOrfG9ZcrOwAW+Qi+F6HbD0CWXEh9ou77uOb7FM2WPhwT7smM833PzanhJLsgXjN89Ir6V2PczXNnMpwKhw==, tarball: request/download/request-2.88.2.tgz}
    engines: {node: '>= 6'}
    deprecated: request has been deprecated, see https://github.com/request/request/issues/3142
    dependencies:
      aws-sign2: 0.7.0
      aws4: 1.11.0
      caseless: 0.12.0
      combined-stream: 1.0.8
      extend: 3.0.2
      forever-agent: 0.6.1
      form-data: 2.3.3
      har-validator: 5.1.5
      http-signature: 1.2.0
      is-typedarray: 1.0.0
      isstream: 0.1.2
      json-stringify-safe: 5.0.1
      mime-types: 2.1.34
      oauth-sign: 0.9.0
      performance-now: 2.1.0
      qs: 6.5.3
      safe-buffer: 5.2.1
      tough-cookie: 2.5.0
      tunnel-agent: 0.6.0
      uuid: 3.4.0
    dev: false

  /require-directory/2.1.1:
    resolution: {integrity: sha512-fGxEI7+wsG9xrvdjsrlmL22OMTTiHRwAMroiEeMgq8gzoLC/PQr7RsRDSTLUg/bZAZtF+TVIkHc6/4RIKrui+Q==, tarball: require-directory/download/require-directory-2.1.1.tgz}
    engines: {node: '>=0.10.0'}
    dev: false

  /resolve-path/1.4.0:
    resolution: {integrity: sha1-xL2p9e+y/OZSR4c6s2u02DT+Fvc=, tarball: resolve-path/download/resolve-path-1.4.0.tgz}
    engines: {node: '>= 0.8'}
    dependencies:
      http-errors: 1.6.3
      path-is-absolute: 1.0.1
    dev: false

  /safe-buffer/5.1.2:
    resolution: {integrity: sha1-mR7GnSluAxN0fVm9/St0XDX4go0=, tarball: safe-buffer/download/safe-buffer-5.1.2.tgz}
    dev: false

  /safe-buffer/5.2.1:
    resolution: {integrity: sha1-Hq+fqb2x/dTsdfWPnNtOa3gn7sY=, tarball: safe-buffer/download/safe-buffer-5.2.1.tgz}
    dev: false

  /safer-buffer/2.1.2:
    resolution: {integrity: sha1-RPoWGwGHuVSd2Eu5GAL5vYOFzWo=, tarball: safer-buffer/download/safer-buffer-2.1.2.tgz}
    dev: false

  /saslprep/1.0.3:
    resolution: {integrity: sha512-/MY/PEMbk2SuY5sScONwhUDsV2p77Znkb/q3nSVstq/yQzYJOH/Azh29p9oJLsl3LnQwSvZDKagDGBsBwSooag==}
    engines: {node: '>=6'}
    requiresBuild: true
    dependencies:
      sparse-bitfield: 3.0.3
    dev: false
    optional: true

  /setprototypeof/1.1.0:
    resolution: {integrity: sha1-0L2FU2iHtv58DYGMuWLZ2RxU5lY=, tarball: setprototypeof/download/setprototypeof-1.1.0.tgz}
    dev: false

  /setprototypeof/1.2.0:
    resolution: {integrity: sha1-ZsmiSnP5/CjL5msJ/tPTPcrxtCQ=, tarball: setprototypeof/download/setprototypeof-1.2.0.tgz}
    dev: false

  /side-channel/1.0.4:
    resolution: {integrity: sha1-785cj9wQTudRslxY1CkAEfpeos8=, tarball: side-channel/download/side-channel-1.0.4.tgz}
    dependencies:
      call-bind: 1.0.2
      get-intrinsic: 1.1.1
      object-inspect: 1.12.0
    dev: false

  /smart-buffer/4.2.0:
    resolution: {integrity: sha1-bh1x+k8YwF99D/IW3RakgdDo2a4=, tarball: smart-buffer/download/smart-buffer-4.2.0.tgz}
    engines: {node: '>= 6.0.0', npm: '>= 3.0.0'}
    dev: false

  /socks/2.6.1:
    resolution: {integrity: sha1-mJ5lNKB88zfesbHJSqpEKWUg0w4=, tarball: socks/download/socks-2.6.1.tgz}
    engines: {node: '>= 10.13.0', npm: '>= 3.0.0'}
    dependencies:
      ip: 1.1.5
      smart-buffer: 4.2.0
    dev: false

  /sparse-bitfield/3.0.3:
    resolution: {integrity: sha1-/0rm5oZWBWuks+eSqzM004JzyhE=, tarball: sparse-bitfield/download/sparse-bitfield-3.0.3.tgz}
    dependencies:
      memory-pager: 1.5.0
    dev: false
    optional: true

  /sqlstring/2.3.1:
    resolution: {integrity: sha512-ooAzh/7dxIG5+uDik1z/Rd1vli0+38izZhGzSa34FwR7IbelPWCCKSNIl8jlL/F7ERvy8CB2jNeM1E9i9mXMAQ==, tarball: sqlstring/download/sqlstring-2.3.1.tgz}
    engines: {node: '>= 0.6'}
    dev: false

  /sshpk/1.17.0:
    resolution: {integrity: sha512-/9HIEs1ZXGhSPE8X6Ccm7Nam1z8KcoCqPdI7ecm1N33EzAetWahvQWVqLZtaZQ+IDKX4IyA2o0gBzqIMkAagHQ==, tarball: sshpk/download/sshpk-1.17.0.tgz}
    engines: {node: '>=0.10.0'}
    hasBin: true
    dependencies:
      asn1: 0.2.6
      assert-plus: 1.0.0
      bcrypt-pbkdf: 1.0.2
      dashdash: 1.14.1
      ecc-jsbn: 0.1.2
      getpass: 0.1.7
      jsbn: 0.1.1
      safer-buffer: 2.1.2
      tweetnacl: 0.14.5
    dev: false

  /statuses/1.5.0:
    resolution: {integrity: sha1-Fhx9rBd2Wf2YEfQ3cfqZOBR4Yow=, tarball: statuses/download/statuses-1.5.0.tgz}
    engines: {node: '>= 0.6'}
    dev: false

  /string_decoder/1.1.1:
    resolution: {integrity: sha1-nPFhG6YmhdcDCunkujQUnDrwP8g=, tarball: string_decoder/download/string_decoder-1.1.1.tgz}
    dependencies:
      safe-buffer: 5.1.2
    dev: false

  /toidentifier/1.0.1:
    resolution: {integrity: sha512-o5sSPKEkg/DIQNmH43V0/uerLrpzVedkUh8tGNvaeXpfpuwjKenlSox/2O/BTlZUtEe+JG7s5YhEz608PlAHRA==, tarball: toidentifier/download/toidentifier-1.0.1.tgz}
    engines: {node: '>=0.6'}
    dev: false

  /tough-cookie/2.5.0:
    resolution: {integrity: sha1-zZ+yoKodWhK0c72fuW+j3P9lreI=, tarball: tough-cookie/download/tough-cookie-2.5.0.tgz}
    engines: {node: '>=0.8'}
    dependencies:
      psl: 1.8.0
      punycode: 2.1.1
    dev: false

  /tr46/3.0.0:
    resolution: {integrity: sha1-VVxOKXqVBhfo7t3vYzyH1NnWy/k=, tarball: tr46/download/tr46-3.0.0.tgz}
    engines: {node: '>=12'}
    dependencies:
      punycode: 2.1.1
    dev: false

  /tsscmp/1.0.6:
    resolution: {integrity: sha1-hbmVg6w1iexL/vgltQAKqRHWBes=, tarball: tsscmp/download/tsscmp-1.0.6.tgz}
    engines: {node: '>=0.6.x'}
    dev: false

  /tunnel-agent/0.6.0:
    resolution: {integrity: sha1-J6XeoGs2sEoKmWZ3SykIaPD8QP0=, tarball: tunnel-agent/download/tunnel-agent-0.6.0.tgz}
    dependencies:
      safe-buffer: 5.2.1
    dev: false

  /tweetnacl/0.14.5:
    resolution: {integrity: sha1-WuaBd/GS1EViadEIr6k/+HQ/T2Q=, tarball: tweetnacl/download/tweetnacl-0.14.5.tgz}
    dev: false

  /type-is/1.6.18:
    resolution: {integrity: sha1-TlUs0F3wlGfcvE73Od6J8s83wTE=, tarball: type-is/download/type-is-1.6.18.tgz}
    engines: {node: '>= 0.6'}
    dependencies:
      media-typer: 0.3.0
      mime-types: 2.1.34
    dev: false

  /unpipe/1.0.0:
    resolution: {integrity: sha1-sr9O6FFKrmFltIF4KdIbLvSZBOw=, tarball: unpipe/download/unpipe-1.0.0.tgz}
    engines: {node: '>= 0.8'}
    dev: false

  /uri-js/4.4.1:
    resolution: {integrity: sha1-mxpSWVIlhZ5V9mnZKPiMbFfyp34=, tarball: uri-js/download/uri-js-4.4.1.tgz}
    dependencies:
      punycode: 2.1.1
    dev: false

  /util-deprecate/1.0.2:
    resolution: {integrity: sha1-RQ1Nyfpw3nMnYvvS1KKJgUGaDM8=, tarball: util-deprecate/download/util-deprecate-1.0.2.tgz}
    dev: false

  /util/0.10.4:
    resolution: {integrity: sha512-0Pm9hTQ3se5ll1XihRic3FDIku70C+iHUdT/W926rSgHV5QgXsYbKZN8MSC3tJtSkhuROzvsQjAaFENRXr+19A==, tarball: util/download/util-0.10.4.tgz}
    dependencies:
      inherits: 2.0.3
    dev: false

  /uuid/3.4.0:
    resolution: {integrity: sha512-HjSDRw6gZE5JMggctHBcjVak08+KEVhSIiDzFnT9S9aegmp85S/bReBVTb4QTFaRNptJ9kuYaNhnbNEOkbKb/A==, tarball: uuid/download/uuid-3.4.0.tgz}
    deprecated: Please upgrade  to version 7 or higher.  Older versions may use Math.random() in certain circumstances, which is known to be problematic.  See https://v8.dev/blog/math-random for details.
    hasBin: true
    dev: false

  /vary/1.1.2:
    resolution: {integrity: sha1-IpnwLG3tMNSllhsLn3RSShj2NPw=, tarball: vary/download/vary-1.1.2.tgz}
    engines: {node: '>= 0.8'}
    dev: false

  /verror/1.10.0:
    resolution: {integrity: sha1-OhBcoXBTr1XW4nDB+CiGguGNpAA=, tarball: verror/download/verror-1.10.0.tgz}
    engines: {'0': node >=0.6.0}
    dependencies:
      assert-plus: 1.0.0
      core-util-is: 1.0.2
      extsprintf: 1.3.0
    dev: false

  /webidl-conversions/7.0.0:
    resolution: {integrity: sha1-JWtOGIK+feu/AdBfCqIDl3jqCAo=, tarball: webidl-conversions/download/webidl-conversions-7.0.0.tgz}
    engines: {node: '>=12'}
    dev: false

  /whatwg-url/11.0.0:
    resolution: {integrity: sha1-CoSe67X68hGbkBu3b9eVwoSNQBg=, tarball: whatwg-url/download/whatwg-url-11.0.0.tgz}
    engines: {node: '>=12'}
    dependencies:
      tr46: 3.0.0
      webidl-conversions: 7.0.0
    dev: false

  /ylru/1.2.1:
    resolution: {integrity: sha1-9Xa2M0FUeYnB3nuiiHYJI7J/6E8=, tarball: ylru/download/ylru-1.2.1.tgz}
    engines: {node: '>= 4.0.0'}
    dev: false
